# THIS IS AN AUTOGENERATED FILE. DO NOT EDIT THIS FILE DIRECTLY.
# yarn lockfile v1


"@types/echarts@^4.4.2":
  version "4.4.2"
  resolved "https://registry.npm.taobao.org/@types/echarts/download/@types/echarts-4.4.2.tgz#88be60b9b87bc65414f22d4150834538d62ac602"
  integrity sha1-iL5gubh7xlQU8i1BUINFONYqxgI=
  dependencies:
    "@types/zrender" "*"

"@types/zrender@*":
  version "4.0.0"
  resolved "https://registry.npm.taobao.org/@types/zrender/download/@types/zrender-4.0.0.tgz#a6806f12ec4eccaaebd9b0d816f049aca6188fbd"
  integrity sha1-poBvEuxOzKrr2bDYFvBJrKYYj70=

typescript@^3.7.5:
  version "3.7.5"
  resolved "https://registry.npm.taobao.org/typescript/download/typescript-3.7.5.tgz#0692e21f65fd4108b9330238aac11dd2e177a1ae"
  integrity sha1-BpLiH2X9QQi5MwI4qsEd0uF3oa4=
